// !$*UTF8*$!
{
	archiveVersion = 1;
	classes = {
	};
	objectVersion = 77;
	objects = {

/* Begin PBXBuildFile section */
		F11ACEFA2E7BF6D60090330C /* FirebaseAuth in Frameworks */ = {isa = PBXBuildFile; productRef = F11ACEF92E7BF6D60090330C /* FirebaseAuth */; };
		F11ACEFC2E7BF6D60090330C /* FirebaseCore in Frameworks */ = {isa = PBXBuildFile; productRef = F11ACEFB2E7BF6D60090330C /* FirebaseCore */; };
		F11ACEFE2E7BF6D60090330C /* FirebaseFirestore in Frameworks */ = {isa = PBXBuildFile; productRef = F11ACEFD2E7BF6D60090330C /* FirebaseFirestore */; };
		F13A0E602E7A8E2E00D28690 /* .gitignore in Resources */ = {isa = PBXBuildFile; fileRef = F13A0E5E2E7A8E2800D28690 /* .gitignore */; };
/* End PBXBuildFile section */

/* Begin PBXContainerItemProxy section */
		F10F490A2E6EB56700ECFA8A /* PBXContainerItemProxy */ = {
			isa = PBXContainerItemProxy;
			containerPortal = F10F48F42E6EB56700ECFA8A /* Project object */;
			proxyType = 1;
			remoteGlobalIDString = F10F48FB2E6EB56700ECFA8A;
			remoteInfo = "a2-s3944729";
		};
		F10F49142E6EB56700ECFA8A /* PBXContainerItemProxy */ = {
			isa = PBXContainerItemProxy;
			containerPortal = F10F48F42E6EB56700ECFA8A /* Project object */;
			proxyType = 1;
			remoteGlobalIDString = F10F48FB2E6EB56700ECFA8A;
			remoteInfo = "a2-s3944729";
		};
/* End PBXContainerItemProxy section */

/* Begin PBXFileReference section */
		F10F48FC2E6EB56700ECFA8A /* a2-s3944729.app */ = {isa = PBXFileReference; explicitFileType = wrapper.application; includeInIndex = 0; path = "a2-s3944729.app"; sourceTree = BUILT_PRODUCTS_DIR; };
		F10F49092E6EB56700ECFA8A /* a2-s3944729Tests.xctest */ = {isa = PBXFileReference; explicitFileType = wrapper.cfbundle; includeInIndex = 0; path = "a2-s3944729Tests.xctest"; sourceTree = BUILT_PRODUCTS_DIR; };
		F10F49132E6EB56700ECFA8A /* a2-s3944729UITests.xctest */ = {isa = PBXFileReference; explicitFileType = wrapper.cfbundle; includeInIndex = 0; path = "a2-s3944729UITests.xctest"; sourceTree = BUILT_PRODUCTS_DIR; };
		F13A0E5E2E7A8E2800D28690 /* .gitignore */ = {isa = PBXFileReference; lastKnownFileType = text; path = .gitignore; sourceTree = "<group>"; };
/* End PBXFileReference section */

/* Begin PBXFileSystemSynchronizedBuildFileExceptionSet section */
		F100604C2E811EB300A23626 /* Exceptions for "a2-s3944729" folder in "a2-s3944729Tests" target */ = {
			isa = PBXFileSystemSynchronizedBuildFileExceptionSet;
			membershipExceptions = (
				Protocols/FirebaseAuthService.swift,
			);
			target = F10F49082E6EB56700ECFA8A /* a2-s3944729Tests */;
		};
/* End PBXFileSystemSynchronizedBuildFileExceptionSet section */

/* Begin PBXFileSystemSynchronizedRootGroup section */
		F10F48FE2E6EB56700ECFA8A /* a2-s3944729 */ = {
			isa = PBXFileSystemSynchronizedRootGroup;
			exceptions = (
				F100604C2E811EB300A23626 /* Exceptions for "a2-s3944729" folder in "a2-s3944729Tests" target */,
			);
			path = "a2-s3944729";
			sourceTree = "<group>";
		};
		F10F490C2E6EB56700ECFA8A /* a2-s3944729Tests */ = {
			isa = PBXFileSystemSynchronizedRootGroup;
			path = "a2-s3944729Tests";
			sourceTree = "<group>";
		};
		F10F49162E6EB56700ECFA8A /* a2-s3944729UITests */ = {
			isa = PBXFileSystemSynchronizedRootGroup;
			path = "a2-s3944729UITests";
			sourceTree = "<group>";
		};
/* End PBXFileSystemSynchronizedRootGroup section */

/* Begin PBXFrameworksBuildPhase section */
		F10F48F92E6EB56700ECFA8A /* Frameworks */ = {
			isa = PBXFrameworksBuildPhase;
			buildActionMask = 2147483647;
			files = (
				F11ACEFC2E7BF6D60090330C /* FirebaseCore in Frameworks */,
				F11ACEFA2E7BF6D60090330C /* FirebaseAuth in Frameworks */,
				F11ACEFE2E7BF6D60090330C /* FirebaseFirestore in Frameworks */,
			);
			runOnlyForDeploymentPostprocessing = 0;
		};
		F10F49062E6EB56700ECFA8A /* Frameworks */ = {
			isa = PBXFrameworksBuildPhase;
			buildActionMask = 2147483647;
			files = (
			);
			runOnlyForDeploymentPostprocessing = 0;
		};
		F10F49102E6EB56700ECFA8A /* Frameworks */ = {
			isa = PBXFrameworksBuildPhase;
			buildActionMask = 2147483647;
			files = (
			);
			runOnlyForDeploymentPostprocessing = 0;
		};
/* End PBXFrameworksBuildPhase section */

/* Begin PBXGroup section */
		F10F48F32E6EB56700ECFA8A = {
			isa = PBXGroup;
			children = (
				F10F48FE2E6EB56700ECFA8A /* a2-s3944729 */,
				F10F490C2E6EB56700ECFA8A /* a2-s3944729Tests */,
				F10F49162E6EB56700ECFA8A /* a2-s3944729UITests */,
				F10F48FD2E6EB56700ECFA8A /* Products */,
				F13A0E5E2E7A8E2800D28690 /* .gitignore */,
			);
			sourceTree = "<group>";
		};
		F10F48FD2E6EB56700ECFA8A /* Products */ = {
			isa = PBXGroup;
			children = (
				F10F48FC2E6EB56700ECFA8A /* a2-s3944729.app */,
				F10F49092E6EB56700ECFA8A /* a2-s3944729Tests.xctest */,
				F10F49132E6EB56700ECFA8A /* a2-s3944729UITests.xctest */,
			);
			name = Products;
			sourceTree = "<group>";
		};
/* End PBXGroup section */

/* Begin PBXNativeTarget section */
		F10F48FB2E6EB56700ECFA8A /* a2-s3944729 */ = {
			isa = PBXNativeTarget;
			buildConfigurationList = F10F491D2E6EB56700ECFA8A /* Build configuration list for PBXNativeTarget "a2-s3944729" */;
			buildPhases = (
				F10F48F82E6EB56700ECFA8A /* Sources */,
				F10F48F92E6EB56700ECFA8A /* Frameworks */,
				F10F48FA2E6EB56700ECFA8A /* Resources */,
			);
			buildRules = (
			);
			dependencies = (
			);
			fileSystemSynchronizedGroups = (
				F10F48FE2E6EB56700ECFA8A /* a2-s3944729 */,
			);
			name = "a2-s3944729";
			packageProductDependencies = (
				F11ACEF92E7BF6D60090330C /* FirebaseAuth */,
				F11ACEFB2E7BF6D60090330C /* FirebaseCore */,
				F11ACEFD2E7BF6D60090330C /* FirebaseFirestore */,
			);
			productName = "a2-s3944729";
			productReference = F10F48FC2E6EB56700ECFA8A /* a2-s3944729.app */;
			productType = "com.apple.product-type.application";
		};
		F10F49082E6EB56700ECFA8A /* a2-s3944729Tests */ = {
			isa = PBXNativeTarget;
			buildConfigurationList = F10F49202E6EB56700ECFA8A /* Build configuration list for PBXNativeTarget "a2-s3944729Tests" */;
			buildPhases = (
				F10F49052E6EB56700ECFA8A /* Sources */,
				F10F49062E6EB56700ECFA8A /* Frameworks */,
				F10F49072E6EB56700ECFA8A /* Resources */,
			);
			buildRules = (
			);
			dependencies = (
				F10F490B2E6EB56700ECFA8A /* PBXTargetDependency */,
			);
			fileSystemSynchronizedGroups = (
				F10F490C2E6EB56700ECFA8A /* a2-s3944729Tests */,
			);
			name = "a2-s3944729Tests";
			packageProductDependencies = (
			);
			productName = "a2-s3944729Tests";
			productReference = F10F49092E6EB56700ECFA8A /* a2-s3944729Tests.xctest */;
			productType = "com.apple.product-type.bundle.unit-test";
		};
		F10F49122E6EB56700ECFA8A /* a2-s3944729UITests */ = {
			isa = PBXNativeTarget;
			buildConfigurationList = F10F49232E6EB56700ECFA8A /* Build configuration list for PBXNativeTarget "a2-s3944729UITests" */;
			buildPhases = (
				F10F490F2E6EB56700ECFA8A /* Sources */,
				F10F49102E6EB56700ECFA8A /* Frameworks */,
				F10F49112E6EB56700ECFA8A /* Resources */,
			);
			buildRules = (
			);
			dependencies = (
				F10F49152E6EB56700ECFA8A /* PBXTargetDependency */,
			);
			fileSystemSynchronizedGroups = (
				F10F49162E6EB56700ECFA8A /* a2-s3944729UITests */,
			);
			name = "a2-s3944729UITests";
			packageProductDependencies = (
			);
			productName = "a2-s3944729UITests";
			productReference = F10F49132E6EB56700ECFA8A /* a2-s3944729UITests.xctest */;
			productType = "com.apple.product-type.bundle.ui-testing";
		};
/* End PBXNativeTarget section */

/* Begin PBXProject section */
		F10F48F42E6EB56700ECFA8A /* Project object */ = {
			isa = PBXProject;
			attributes = {
				BuildIndependentTargetsInParallel = 1;
				LastSwiftUpdateCheck = 1640;
				LastUpgradeCheck = 1640;
				TargetAttributes = {
					F10F48FB2E6EB56700ECFA8A = {
						CreatedOnToolsVersion = 16.4;
					};
					F10F49082E6EB56700ECFA8A = {
						CreatedOnToolsVersion = 16.4;
						TestTargetID = F10F48FB2E6EB56700ECFA8A;
					};
					F10F49122E6EB56700ECFA8A = {
						CreatedOnToolsVersion = 16.4;
						TestTargetID = F10F48FB2E6EB56700ECFA8A;
					};
				};
			};
			buildConfigurationList = F10F48F72E6EB56700ECFA8A /* Build configuration list for PBXProject "a2-s3944729" */;
			developmentRegion = en;
			hasScannedForEncodings = 0;
			knownRegions = (
				en,
				Base,
			);
			mainGroup = F10F48F32E6EB56700ECFA8A;
			minimizedProjectReferenceProxies = 1;
			packageReferences = (
				F11ACEF82E7BF6D60090330C /* XCRemoteSwiftPackageReference "firebase-ios-sdk" */,
			);
			preferredProjectObjectVersion = 77;
			productRefGroup = F10F48FD2E6EB56700ECFA8A /* Products */;
			projectDirPath = "";
			projectRoot = "";
			targets = (
				F10F48FB2E6EB56700ECFA8A /* a2-s3944729 */,
				F10F49082E6EB56700ECFA8A /* a2-s3944729Tests */,
				F10F49122E6EB56700ECFA8A /* a2-s3944729UITests */,
			);
		};
/* End PBXProject section */

/* Begin PBXResourcesBuildPhase section */
		F10F48FA2E6EB56700ECFA8A /* Resources */ = {
			isa = PBXResourcesBuildPhase;
			buildActionMask = 2147483647;
			files = (
				F13A0E602E7A8E2E00D28690 /* .gitignore in Resources */,
			);
			runOnlyForDeploymentPostprocessing = 0;
		};
		F10F49072E6EB56700ECFA8A /* Resources */ = {
			isa = PBXResourcesBuildPhase;
			buildActionMask = 2147483647;
			files = (
			);
			runOnlyForDeploymentPostprocessing = 0;
		};
		F10F49112E6EB56700ECFA8A /* Resources */ = {
			isa = PBXResourcesBuildPhase;
			buildActionMask = 2147483647;
			files = (
			);
			runOnlyForDeploymentPostprocessing = 0;
		};
/* End PBXResourcesBuildPhase section */

/* Begin PBXSourcesBuildPhase section */
		F10F48F82E6EB56700ECFA8A /* Sources */ = {
			isa = PBXSourcesBuildPhase;
			buildActionMask = 2147483647;
			files = (
			);
			runOnlyForDeploymentPostprocessing = 0;
		};
		F10F49052E6EB56700ECFA8A /* Sources */ = {
			isa = PBXSourcesBuildPhase;
			buildActionMask = 2147483647;
			files = (
			);
			runOnlyForDeploymentPostprocessing = 0;
		};
		F10F490F2E6EB56700ECFA8A /* Sources */ = {
			isa = PBXSourcesBuildPhase;
			buildActionMask = 2147483647;
			files = (
			);
			runOnlyForDeploymentPostprocessing = 0;
		};
/* End PBXSourcesBuildPhase section */

/* Begin PBXTargetDependency section */
		F10F490B2E6EB56700ECFA8A /* PBXTargetDependency */ = {
			isa = PBXTargetDependency;
			target = F10F48FB2E6EB56700ECFA8A /* a2-s3944729 */;
			targetProxy = F10F490A2E6EB56700ECFA8A /* PBXContainerItemProxy */;
		};
		F10F49152E6EB56700ECFA8A /* PBXTargetDependency */ = {
			isa = PBXTargetDependency;
			target = F10F48FB2E6EB56700ECFA8A /* a2-s3944729 */;
			targetProxy = F10F49142E6EB56700ECFA8A /* PBXContainerItemProxy */;
		};
/* End PBXTargetDependency section */

/* Begin XCBuildConfiguration section */
		F10F491B2E6EB56700ECFA8A /* Debug */ = {
			isa = XCBuildConfiguration;
			buildSettings = {
				ALWAYS_SEARCH_USER_PATHS = NO;
				ASSETCATALOG_COMPILER_GENERATE_SWIFT_ASSET_SYMBOL_EXTENSIONS = YES;
				CLANG_ANALYZER_NONNULL = YES;
				CLANG_ANALYZER_NUMBER_OBJECT_CONVERSION = YES_AGGRESSIVE;
				CLANG_CXX_LANGUAGE_STANDARD = "gnu++20";
				CLANG_ENABLE_MODULES = YES;
				CLANG_ENABLE_OBJC_ARC = YES;
				CLANG_ENABLE_OBJC_WEAK = YES;
				CLANG_WARN_BLOCK_CAPTURE_AUTORELEASING = YES;
				CLANG_WARN_BOOL_CONVERSION = YES;
				CLANG_WARN_COMMA = YES;
				CLANG_WARN_CONSTANT_CONVERSION = YES;
				CLANG_WARN_DEPRECATED_OBJC_IMPLEMENTATIONS = YES;
				CLANG_WARN_DIRECT_OBJC_ISA_USAGE = YES_ERROR;
				CLANG_WARN_DOCUMENTATION_COMMENTS = YES;
				CLANG_WARN_EMPTY_BODY = YES;
				CLANG_WARN_ENUM_CONVERSION = YES;
				CLANG_WARN_INFINITE_RECURSION = YES;
				CLANG_WARN_INT_CONVERSION = YES;
				CLANG_WARN_NON_LITERAL_NULL_CONVERSION = YES;
				CLANG_WARN_OBJC_IMPLICIT_RETAIN_SELF = YES;
				CLANG_WARN_OBJC_LITERAL_CONVERSION = YES;
				CLANG_WARN_OBJC_ROOT_CLASS = YES_ERROR;
				CLANG_WARN_QUOTED_INCLUDE_IN_FRAMEWORK_HEADER = YES;
				CLANG_WARN_RANGE_LOOP_ANALYSIS = YES;
				CLANG_WARN_STRICT_PROTOTYPES = YES;
				CLANG_WARN_SUSPICIOUS_MOVE = YES;
				CLANG_WARN_UNGUARDED_AVAILABILITY = YES_AGGRESSIVE;
				CLANG_WARN_UNREACHABLE_CODE = YES;
				CLANG_WARN__DUPLICATE_METHOD_MATCH = YES;
				COPY_PHASE_STRIP = NO;
				DEBUG_INFORMATION_FORMAT = dwarf;
				ENABLE_STRICT_OBJC_MSGSEND = YES;
				ENABLE_TESTABILITY = YES;
				ENABLE_USER_SCRIPT_SANDBOXING = YES;
				GCC_C_LANGUAGE_STANDARD = gnu17;
				GCC_DYNAMIC_NO_PIC = NO;
				GCC_NO_COMMON_BLOCKS = YES;
				GCC_OPTIMIZATION_LEVEL = 0;
				GCC_PREPROCESSOR_DEFINITIONS = (
					"DEBUG=1",
					"$(inherited)",
				);
				GCC_WARN_64_TO_32_BIT_CONVERSION = YES;
				GCC_WARN_ABOUT_RETURN_TYPE = YES_ERROR;
				GCC_WARN_UNDECLARED_SELECTOR = YES;
				GCC_WARN_UNINITIALIZED_AUTOS = YES_AGGRESSIVE;
				GCC_WARN_UNUSED_FUNCTION = YES;
				GCC_WARN_UNUSED_VARIABLE = YES;
				IPHONEOS_DEPLOYMENT_TARGET = 18.5;
				LOCALIZATION_PREFERS_STRING_CATALOGS = YES;
				MTL_ENABLE_DEBUG_INFO = INCLUDE_SOURCE;
				MTL_FAST_MATH = YES;
				ONLY_ACTIVE_ARCH = YES;
				SDKROOT = iphoneos;
				SWIFT_ACTIVE_COMPILATION_CONDITIONS = "DEBUG $(inherited)";
				SWIFT_OPTIMIZATION_LEVEL = "-Onone";
			};
			name = Debug;
		};
		F10F491C2E6EB56700ECFA8A /* Release */ = {
			isa = XCBuildConfiguration;
			buildSettings = {
				ALWAYS_SEARCH_USER_PATHS = NO;
				ASSETCATALOG_COMPILER_GENERATE_SWIFT_ASSET_SYMBOL_EXTENSIONS = YES;
				CLANG_ANALYZER_NONNULL = YES;
				CLANG_ANALYZER_NUMBER_OBJECT_CONVERSION = YES_AGGRESSIVE;
				CLANG_CXX_LANGUAGE_STANDARD = "gnu++20";
				CLANG_ENABLE_MODULES = YES;
				CLANG_ENABLE_OBJC_ARC = YES;
				CLANG_ENABLE_OBJC_WEAK = YES;
				CLANG_WARN_BLOCK_CAPTURE_AUTORELEASING = YES;
				CLANG_WARN_BOOL_CONVERSION = YES;
				CLANG_WARN_COMMA = YES;
				CLANG_WARN_CONSTANT_CONVERSION = YES;
				CLANG_WARN_DEPRECATED_OBJC_IMPLEMENTATIONS = YES;
				CLANG_WARN_DIRECT_OBJC_ISA_USAGE = YES_ERROR;
				CLANG_WARN_DOCUMENTATION_COMMENTS = YES;
				CLANG_WARN_EMPTY_BODY = YES;
				CLANG_WARN_ENUM_CONVERSION = YES;
				CLANG_WARN_INFINITE_RECURSION = YES;
				CLANG_WARN_INT_CONVERSION = YES;
				CLANG_WARN_NON_LITERAL_NULL_CONVERSION = YES;
				CLANG_WARN_OBJC_IMPLICIT_RETAIN_SELF = YES;
				CLANG_WARN_OBJC_LITERAL_CONVERSION = YES;
				CLANG_WARN_OBJC_ROOT_CLASS = YES_ERROR;
				CLANG_WARN_QUOTED_INCLUDE_IN_FRAMEWORK_HEADER = YES;
				CLANG_WARN_RANGE_LOOP_ANALYSIS = YES;
				CLANG_WARN_STRICT_PROTOTYPES = YES;
				CLANG_WARN_SUSPICIOUS_MOVE = YES;
				CLANG_WARN_UNGUARDED_AVAILABILITY = YES_AGGRESSIVE;
				CLANG_WARN_UNREACHABLE_CODE = YES;
				CLANG_WARN__DUPLICATE_METHOD_MATCH = YES;
				COPY_PHASE_STRIP = NO;
				DEBUG_INFORMATION_FORMAT = "dwarf-with-dsym";
				ENABLE_NS_ASSERTIONS = NO;
				ENABLE_STRICT_OBJC_MSGSEND = YES;
				ENABLE_USER_SCRIPT_SANDBOXING = YES;
				GCC_C_LANGUAGE_STANDARD = gnu17;
				GCC_NO_COMMON_BLOCKS = YES;
				GCC_WARN_64_TO_32_BIT_CONVERSION = YES;
				GCC_WARN_ABOUT_RETURN_TYPE = YES_ERROR;
				GCC_WARN_UNDECLARED_SELECTOR = YES;
				GCC_WARN_UNINITIALIZED_AUTOS = YES_AGGRESSIVE;
				GCC_WARN_UNUSED_FUNCTION = YES;
				GCC_WARN_UNUSED_VARIABLE = YES;
				IPHONEOS_DEPLOYMENT_TARGET = 18.5;
				LOCALIZATION_PREFERS_STRING_CATALOGS = YES;
				MTL_ENABLE_DEBUG_INFO = NO;
				MTL_FAST_MATH = YES;
				SDKROOT = iphoneos;
				SWIFT_COMPILATION_MODE = wholemodule;
				VALIDATE_PRODUCT = YES;
			};
			name = Release;
		};
		F10F491E2E6EB56700ECFA8A /* Debug */ = {
			isa = XCBuildConfiguration;
			buildSettings = {
				ASSETCATALOG_COMPILER_APPICON_NAME = AppIcon;
				ASSETCATALOG_COMPILER_GLOBAL_ACCENT_COLOR_NAME = AccentColor;
				CODE_SIGN_STYLE = Automatic;
				CURRENT_PROJECT_VERSION = 1;
				ENABLE_PREVIEWS = YES;
				GENERATE_INFOPLIST_FILE = YES;
				INFOPLIST_KEY_UIApplicationSceneManifest_Generation = YES;
				INFOPLIST_KEY_UIApplicationSupportsIndirectInputEvents = YES;
				INFOPLIST_KEY_UILaunchScreen_Generation = YES;
				INFOPLIST_KEY_UISupportedInterfaceOrientations_iPad = "UIInterfaceOrientationPortrait UIInterfaceOrientationPortraitUpsideDown UIInterfaceOrientationLandscapeLeft UIInterfaceOrientationLandscapeRight";
				INFOPLIST_KEY_UISupportedInterfaceOrientations_iPhone = "UIInterfaceOrientationPortrait UIInterfaceOrientationLandscapeLeft UIInterfaceOrientationLandscapeRight";
				LD_RUNPATH_SEARCH_PATHS = (
					"$(inherited)",
					"@executable_path/Frameworks",
				);
				MARKETING_VERSION = 1.0;
				PRODUCT_BUNDLE_IDENTIFIER = "s3944729.a2-s3944729";
				PRODUCT_NAME = "$(TARGET_NAME)";
				SWIFT_EMIT_LOC_STRINGS = YES;
				SWIFT_VERSION = 5.0;
				TARGETED_DEVICE_FAMILY = "1,2";
			};
			name = Debug;
		};
		F10F491F2E6EB56700ECFA8A /* Release */ = {
			isa = XCBuildConfiguration;
			buildSettings = {
				ASSETCATALOG_COMPILER_APPICON_NAME = AppIcon;
				ASSETCATALOG_COMPILER_GLOBAL_ACCENT_COLOR_NAME = AccentColor;
				CODE_SIGN_STYLE = Automatic;
				CURRENT_PROJECT_VERSION = 1;
				ENABLE_PREVIEWS = YES;
				GENERATE_INFOPLIST_FILE = YES;
				INFOPLIST_KEY_UIApplicationSceneManifest_Generation = YES;
				INFOPLIST_KEY_UIApplicationSupportsIndirectInputEvents = YES;
				INFOPLIST_KEY_UILaunchScreen_Generation = YES;
				INFOPLIST_KEY_UISupportedInterfaceOrientations_iPad = "UIInterfaceOrientationPortrait UIInterfaceOrientationPortraitUpsideDown UIInterfaceOrientationLandscapeLeft UIInterfaceOrientationLandscapeRight";
				INFOPLIST_KEY_UISupportedInterfaceOrientations_iPhone = "UIInterfaceOrientationPortrait UIInterfaceOrientationLandscapeLeft UIInterfaceOrientationLandscapeRight";
				LD_RUNPATH_SEARCH_PATHS = (
					"$(inherited)",
					"@executable_path/Frameworks",
				);
				MARKETING_VERSION = 1.0;
				PRODUCT_BUNDLE_IDENTIFIER = "s3944729.a2-s3944729";
				PRODUCT_NAME = "$(TARGET_NAME)";
				SWIFT_EMIT_LOC_STRINGS = YES;
				SWIFT_VERSION = 5.0;
				TARGETED_DEVICE_FAMILY = "1,2";
			};
			name = Release;
		};
		F10F49212E6EB56700ECFA8A /* Debug */ = {
			isa = XCBuildConfiguration;
			buildSettings = {
				BUNDLE_LOADER = "$(TEST_HOST)";
				CODE_SIGN_STYLE = Automatic;
				CURRENT_PROJECT_VERSION = 1;
				GENERATE_INFOPLIST_FILE = YES;
				IPHONEOS_DEPLOYMENT_TARGET = 18.5;
				MARKETING_VERSION = 1.0;
				PRODUCT_BUNDLE_IDENTIFIER = "s3944729.a2-s3944729Tests";
				PRODUCT_NAME = "$(TARGET_NAME)";
				SWIFT_EMIT_LOC_STRINGS = NO;
				SWIFT_VERSION = 5.0;
				TARGETED_DEVICE_FAMILY = "1,2";
				TEST_HOST = "$(BUILT_PRODUCTS_DIR)/a2-s3944729.app/$(BUNDLE_EXECUTABLE_FOLDER_PATH)/a2-s3944729";
			};
			name = Debug;
		};
		F10F49222E6EB56700ECFA8A /* Release */ = {
			isa = XCBuildConfiguration;
			buildSettings = {
				BUNDLE_LOADER = "$(TEST_HOST)";
				CODE_SIGN_STYLE = Automatic;
				CURRENT_PROJECT_VERSION = 1;
				GENERATE_INFOPLIST_FILE = YES;
				IPHONEOS_DEPLOYMENT_TARGET = 18.5;
				MARKETING_VERSION = 1.0;
				PRODUCT_BUNDLE_IDENTIFIER = "s3944729.a2-s3944729Tests";
				PRODUCT_NAME = "$(TARGET_NAME)";
				SWIFT_EMIT_LOC_STRINGS = NO;
				SWIFT_VERSION = 5.0;
				TARGETED_DEVICE_FAMILY = "1,2";
				TEST_HOST = "$(BUILT_PRODUCTS_DIR)/a2-s3944729.app/$(BUNDLE_EXECUTABLE_FOLDER_PATH)/a2-s3944729";
			};
			name = Release;
		};
		F10F49242E6EB56700ECFA8A /* Debug */ = {
			isa = XCBuildConfiguration;
			buildSettings = {
				CODE_SIGN_STYLE = Automatic;
				CURRENT_PROJECT_VERSION = 1;
				GENERATE_INFOPLIST_FILE = YES;
				MARKETING_VERSION = 1.0;
				PRODUCT_BUNDLE_IDENTIFIER = "s3944729.a2-s3944729UITests";
				PRODUCT_NAME = "$(TARGET_NAME)";
				SWIFT_EMIT_LOC_STRINGS = NO;
				SWIFT_VERSION = 5.0;
				TARGETED_DEVICE_FAMILY = "1,2";
				TEST_TARGET_NAME = "a2-s3944729";
			};
			name = Debug;
		};
		F10F49252E6EB56700ECFA8A /* Release */ = {
			isa = XCBuildConfiguration;
			buildSettings = {
				CODE_SIGN_STYLE = Automatic;
				CURRENT_PROJECT_VERSION = 1;
				GENERATE_INFOPLIST_FILE = YES;
				MARKETING_VERSION = 1.0;
				PRODUCT_BUNDLE_IDENTIFIER = "s3944729.a2-s3944729UITests";
				PRODUCT_NAME = "$(TARGET_NAME)";
				SWIFT_EMIT_LOC_STRINGS = NO;
				SWIFT_VERSION = 5.0;
				TARGETED_DEVICE_FAMILY = "1,2";
				TEST_TARGET_NAME = "a2-s3944729";
			};
			name = Release;
		};
/* End XCBuildConfiguration section */

/* Begin XCConfigurationList section */
		F10F48F72E6EB56700ECFA8A /* Build configuration list for PBXProject "a2-s3944729" */ = {
			isa = XCConfigurationList;
			buildConfigurations = (
				F10F491B2E6EB56700ECFA8A /* Debug */,
				F10F491C2E6EB56700ECFA8A /* Release */,
			);
			defaultConfigurationIsVisible = 0;
			defaultConfigurationName = Release;
		};
		F10F491D2E6EB56700ECFA8A /* Build configuration list for PBXNativeTarget "a2-s3944729" */ = {
			isa = XCConfigurationList;
			buildConfigurations = (
				F10F491E2E6EB56700ECFA8A /* Debug */,
				F10F491F2E6EB56700ECFA8A /* Release */,
			);
			defaultConfigurationIsVisible = 0;
			defaultConfigurationName = Release;
		};
		F10F49202E6EB56700ECFA8A /* Build configuration list for PBXNativeTarget "a2-s3944729Tests" */ = {
			isa = XCConfigurationList;
			buildConfigurations = (
				F10F49212E6EB56700ECFA8A /* Debug */,
				F10F49222E6EB56700ECFA8A /* Release */,
			);
			defaultConfigurationIsVisible = 0;
			defaultConfigurationName = Release;
		};
		F10F49232E6EB56700ECFA8A /* Build configuration list for PBXNativeTarget "a2-s3944729UITests" */ = {
			isa = XCConfigurationList;
			buildConfigurations = (
				F10F49242E6EB56700ECFA8A /* Debug */,
				F10F49252E6EB56700ECFA8A /* Release */,
			);
			defaultConfigurationIsVisible = 0;
			defaultConfigurationName = Release;
		};
/* End XCConfigurationList section */

/* Begin XCRemoteSwiftPackageReference section */
		F11ACEF82E7BF6D60090330C /* XCRemoteSwiftPackageReference "firebase-ios-sdk" */ = {
			isa = XCRemoteSwiftPackageReference;
			repositoryURL = "https://github.com/firebase/firebase-ios-sdk";
			requirement = {
				kind = upToNextMajorVersion;
				minimumVersion = 12.3.0;
			};
		};
/* End XCRemoteSwiftPackageReference section */

/* Begin XCSwiftPackageProductDependency section */
		F11ACEF92E7BF6D60090330C /* FirebaseAuth */ = {
			isa = XCSwiftPackageProductDependency;
			package = F11ACEF82E7BF6D60090330C /* XCRemoteSwiftPackageReference "firebase-ios-sdk" */;
			productName = FirebaseAuth;
		};
		F11ACEFB2E7BF6D60090330C /* FirebaseCore */ = {
			isa = XCSwiftPackageProductDependency;
			package = F11ACEF82E7BF6D60090330C /* XCRemoteSwiftPackageReference "firebase-ios-sdk" */;
			productName = FirebaseCore;
		};
		F11ACEFD2E7BF6D60090330C /* FirebaseFirestore */ = {
			isa = XCSwiftPackageProductDependency;
			package = F11ACEF82E7BF6D60090330C /* XCRemoteSwiftPackageReference "firebase-ios-sdk" */;
			productName = FirebaseFirestore;
		};
/* End XCSwiftPackageProductDependency section */
	};
	rootObject = F10F48F42E6EB56700ECFA8A /* Project object */;
}
